
Microsoft Visual Studio Solution File, Format Version 12.00
# Visual Studio Version 17
VisualStudioVersion = 17.7.34009.444
MinimumVisualStudioVersion = 10.0.40219.1
Project("{2150E333-8FDC-42A3-9474-1A3956D46DE8}") = "Services", "Services", "{6D20F2F7-F6E0-4F9E-A955-D4B4006F05D9}"
EndProject
Project("{2150E333-8FDC-42A3-9474-1A3956D46DE8}") = "Catalog", "Catalog", "{AEA3F8E9-07B8-4283-8201-B54FE7A5050E}"
EndProject
Project("{9A19103F-16F7-4668-BE54-9A1E7A4F7556}") = "Catalog.API", "Services\Catalog\Catalog.API\Catalog.API.csproj", "{67C3BE5E-27A2-408B-B338-8F89D73CB70D}"
EndProject
Project("{E53339B2-1760-4266-BCC7-CA923CBCF16C}") = "docker-compose", "docker-compose.dcproj", "{518D621D-A11A-487A-A022-567B94813F30}"
EndProject
Project("{2150E333-8FDC-42A3-9474-1A3956D46DE8}") = "Basket", "Basket", "{A7129296-D0ED-45E0-8073-FE90679917AA}"
EndProject
Project("{9A19103F-16F7-4668-BE54-9A1E7A4F7556}") = "Basket.API", "Services\Basket\Basket.API\Basket.API.csproj", "{6C7B0ECF-7A89-418E-B452-E21672849F79}"
EndProject
Project("{2150E333-8FDC-42A3-9474-1A3956D46DE8}") = "Discount", "Discount", "{BA67D9BB-7E9D-4B81-BA9E-AA716DAE7D29}"
EndProject
Project("{9A19103F-16F7-4668-BE54-9A1E7A4F7556}") = "Discount.API", "Services\Discount\Discount.API\Discount.API.csproj", "{F1187628-38B3-4536-84AC-9D65411B7022}"
EndProject
Project("{9A19103F-16F7-4668-BE54-9A1E7A4F7556}") = "Discount.Grpc", "Services\Discount\Discount.Grpc\Discount.Grpc.csproj", "{CA13722C-40E6-4E82-A542-E4C6993D2892}"
EndProject
Project("{2150E333-8FDC-42A3-9474-1A3956D46DE8}") = "Ordering", "Ordering", "{531EBAFF-7E8B-4284-999A-48466504E825}"
EndProject
Project("{FAE04EC0-301F-11D3-BF4B-00C04F79EFBC}") = "Ordering.API", "Services\Ordering\Ordering.API\Ordering.API.csproj", "{7AE00D21-A89F-4987-92CD-A5243BCD173B}"
EndProject
Project("{FAE04EC0-301F-11D3-BF4B-00C04F79EFBC}") = "Ordering.Domain", "Services\Ordering\Ordering.Domain\Ordering.Domain.csproj", "{90003569-8581-4A7E-BE27-D8AE775DA581}"
EndProject
Project("{FAE04EC0-301F-11D3-BF4B-00C04F79EFBC}") = "Ordering.Application", "Services\Ordering\Ordering.Application\Ordering.Application.csproj", "{9C8A2A84-D2DF-46E3-B15A-3514BEBB83D4}"
EndProject
Project("{FAE04EC0-301F-11D3-BF4B-00C04F79EFBC}") = "Ordering.Infrastructure", "Services\Ordering\Ordering.Infrastructure\Ordering.Infrastructure.csproj", "{2259EB88-18AA-46D0-A61A-7B69FF061C66}"
EndProject
Global
	GlobalSection(SolutionConfigurationPlatforms) = preSolution
		Debug|Any CPU = Debug|Any CPU
		Release|Any CPU = Release|Any CPU
	EndGlobalSection
	GlobalSection(ProjectConfigurationPlatforms) = postSolution
		{67C3BE5E-27A2-408B-B338-8F89D73CB70D}.Debug|Any CPU.ActiveCfg = Debug|Any CPU
		{67C3BE5E-27A2-408B-B338-8F89D73CB70D}.Debug|Any CPU.Build.0 = Debug|Any CPU
		{67C3BE5E-27A2-408B-B338-8F89D73CB70D}.Release|Any CPU.ActiveCfg = Release|Any CPU
		{67C3BE5E-27A2-408B-B338-8F89D73CB70D}.Release|Any CPU.Build.0 = Release|Any CPU
		{518D621D-A11A-487A-A022-567B94813F30}.Debug|Any CPU.ActiveCfg = Debug|Any CPU
		{518D621D-A11A-487A-A022-567B94813F30}.Debug|Any CPU.Build.0 = Debug|Any CPU
		{518D621D-A11A-487A-A022-567B94813F30}.Release|Any CPU.ActiveCfg = Release|Any CPU
		{518D621D-A11A-487A-A022-567B94813F30}.Release|Any CPU.Build.0 = Release|Any CPU
		{6C7B0ECF-7A89-418E-B452-E21672849F79}.Debug|Any CPU.ActiveCfg = Debug|Any CPU
		{6C7B0ECF-7A89-418E-B452-E21672849F79}.Debug|Any CPU.Build.0 = Debug|Any CPU
		{6C7B0ECF-7A89-418E-B452-E21672849F79}.Release|Any CPU.ActiveCfg = Release|Any CPU
		{6C7B0ECF-7A89-418E-B452-E21672849F79}.Release|Any CPU.Build.0 = Release|Any CPU
		{F1187628-38B3-4536-84AC-9D65411B7022}.Debug|Any CPU.ActiveCfg = Debug|Any CPU
		{F1187628-38B3-4536-84AC-9D65411B7022}.Debug|Any CPU.Build.0 = Debug|Any CPU
		{F1187628-38B3-4536-84AC-9D65411B7022}.Release|Any CPU.ActiveCfg = Release|Any CPU
		{F1187628-38B3-4536-84AC-9D65411B7022}.Release|Any CPU.Build.0 = Release|Any CPU
		{CA13722C-40E6-4E82-A542-E4C6993D2892}.Debug|Any CPU.ActiveCfg = Debug|Any CPU
		{CA13722C-40E6-4E82-A542-E4C6993D2892}.Debug|Any CPU.Build.0 = Debug|Any CPU
		{CA13722C-40E6-4E82-A542-E4C6993D2892}.Release|Any CPU.ActiveCfg = Release|Any CPU
		{CA13722C-40E6-4E82-A542-E4C6993D2892}.Release|Any CPU.Build.0 = Release|Any CPU
		{7AE00D21-A89F-4987-92CD-A5243BCD173B}.Debug|Any CPU.ActiveCfg = Debug|Any CPU
		{7AE00D21-A89F-4987-92CD-A5243BCD173B}.Debug|Any CPU.Build.0 = Debug|Any CPU
		{7AE00D21-A89F-4987-92CD-A5243BCD173B}.Release|Any CPU.ActiveCfg = Release|Any CPU
		{7AE00D21-A89F-4987-92CD-A5243BCD173B}.Release|Any CPU.Build.0 = Release|Any CPU
		{90003569-8581-4A7E-BE27-D8AE775DA581}.Debug|Any CPU.ActiveCfg = Debug|Any CPU
		{90003569-8581-4A7E-BE27-D8AE775DA581}.Debug|Any CPU.Build.0 = Debug|Any CPU
		{90003569-8581-4A7E-BE27-D8AE775DA581}.Release|Any CPU.ActiveCfg = Release|Any CPU
		{90003569-8581-4A7E-BE27-D8AE775DA581}.Release|Any CPU.Build.0 = Release|Any CPU
		{9C8A2A84-D2DF-46E3-B15A-3514BEBB83D4}.Debug|Any CPU.ActiveCfg = Debug|Any CPU
		{9C8A2A84-D2DF-46E3-B15A-3514BEBB83D4}.Debug|Any CPU.Build.0 = Debug|Any CPU
		{9C8A2A84-D2DF-46E3-B15A-3514BEBB83D4}.Release|Any CPU.ActiveCfg = Release|Any CPU
		{9C8A2A84-D2DF-46E3-B15A-3514BEBB83D4}.Release|Any CPU.Build.0 = Release|Any CPU
		{2259EB88-18AA-46D0-A61A-7B69FF061C66}.Debug|Any CPU.ActiveCfg = Debug|Any CPU
		{2259EB88-18AA-46D0-A61A-7B69FF061C66}.Debug|Any CPU.Build.0 = Debug|Any CPU
		{2259EB88-18AA-46D0-A61A-7B69FF061C66}.Release|Any CPU.ActiveCfg = Release|Any CPU
		{2259EB88-18AA-46D0-A61A-7B69FF061C66}.Release|Any CPU.Build.0 = Release|Any CPU
	EndGlobalSection
	GlobalSection(SolutionProperties) = preSolution
		HideSolutionNode = FALSE
	EndGlobalSection
	GlobalSection(NestedProjects) = preSolution
		{AEA3F8E9-07B8-4283-8201-B54FE7A5050E} = {6D20F2F7-F6E0-4F9E-A955-D4B4006F05D9}
		{67C3BE5E-27A2-408B-B338-8F89D73CB70D} = {AEA3F8E9-07B8-4283-8201-B54FE7A5050E}
		{A7129296-D0ED-45E0-8073-FE90679917AA} = {6D20F2F7-F6E0-4F9E-A955-D4B4006F05D9}
		{6C7B0ECF-7A89-418E-B452-E21672849F79} = {A7129296-D0ED-45E0-8073-FE90679917AA}
		{BA67D9BB-7E9D-4B81-BA9E-AA716DAE7D29} = {6D20F2F7-F6E0-4F9E-A955-D4B4006F05D9}
		{F1187628-38B3-4536-84AC-9D65411B7022} = {BA67D9BB-7E9D-4B81-BA9E-AA716DAE7D29}
		{CA13722C-40E6-4E82-A542-E4C6993D2892} = {BA67D9BB-7E9D-4B81-BA9E-AA716DAE7D29}
		{531EBAFF-7E8B-4284-999A-48466504E825} = {6D20F2F7-F6E0-4F9E-A955-D4B4006F05D9}
		{7AE00D21-A89F-4987-92CD-A5243BCD173B} = {531EBAFF-7E8B-4284-999A-48466504E825}
		{90003569-8581-4A7E-BE27-D8AE775DA581} = {531EBAFF-7E8B-4284-999A-48466504E825}
		{9C8A2A84-D2DF-46E3-B15A-3514BEBB83D4} = {531EBAFF-7E8B-4284-999A-48466504E825}
		{2259EB88-18AA-46D0-A61A-7B69FF061C66} = {531EBAFF-7E8B-4284-999A-48466504E825}
	EndGlobalSection
	GlobalSection(ExtensibilityGlobals) = postSolution
		SolutionGuid = {A6874461-0B78-4CB0-B621-2E0108BCEDF3}
	EndGlobalSection
EndGlobal
